
Microsoft Visual Studio Solution File, Format Version 12.00
# Visual Studio Version 17
VisualStudioVersion = 17.4.33205.214
MinimumVisualStudioVersion = 10.0.40219.1
Project("{FAE04EC0-301F-11D3-BF4B-00C04F79EFBC}") = "sqlproo", "sqlproo\sqlproo.csproj", "{CE829D72-0087-472F-AA1B-B27393AF65AB}"
EndProject
Global
	GlobalSection(SolutionConfigurationPlatforms) = preSolution
		Debug|Any CPU = Debug|Any CPU
		Release|Any CPU = Release|Any CPU
	EndGlobalSection
	GlobalSection(ProjectConfigurationPlatforms) = postSolution
		{CE829D72-0087-472F-AA1B-B27393AF65AB}.Debug|Any CPU.ActiveCfg = Debug|Any CPU
		{CE829D72-0087-472F-AA1B-B27393AF65AB}.Debug|Any CPU.Build.0 = Debug|Any CPU
		{CE829D72-0087-472F-AA1B-B27393AF65AB}.Release|Any CPU.ActiveCfg = Release|Any CPU
		{CE829D72-0087-472F-AA1B-B27393AF65AB}.Release|Any CPU.Build.0 = Release|Any CPU
	EndGlobalSection
	GlobalSection(SolutionProperties) = preSolution
		HideSolutionNode = FALSE
	EndGlobalSection
	GlobalSection(ExtensibilityGlobals) = postSolution
		SolutionGuid = {25D4C90E-F13B-4AE1-A5AD-A247CAA94538}
	EndGlobalSection
EndGlobal
